
Microsoft Visual Studio Solution File, Format Version 12.00
# Visual Studio 2012
Project("{FAE04EC0-301F-11D3-BF4B-00C04F79EFBC}") = "10_1", "hafta_10\10_1.csproj", "{AED5C8BB-4B18-4F45-B10E-99A8AE27681C}"
EndProject
Project("{FAE04EC0-301F-11D3-BF4B-00C04F79EFBC}") = "10_2", "10_2\10_2.csproj", "{44EB8F40-CAD2-42AB-8D05-F7081535075A}"
EndProject
Project("{FAE04EC0-301F-11D3-BF4B-00C04F79EFBC}") = "10_3", "10_3\10_3.csproj", "{3E90525F-2B73-4354-AACC-5146AB3F144C}"
EndProject
Project("{FAE04EC0-301F-11D3-BF4B-00C04F79EFBC}") = "10_4", "10_4\10_4.csproj", "{4746C2C0-9890-423A-B0F1-3ADC715BC4ED}"
EndProject
Project("{FAE04EC0-301F-11D3-BF4B-00C04F79EFBC}") = "10_5", "10_5\10_5.csproj", "{790BE8C5-E7EA-4F43-81C7-BC7CA0CDEF1F}"
EndProject
Project("{FAE04EC0-301F-11D3-BF4B-00C04F79EFBC}") = "10_6", "10_6\10_6.csproj", "{A56977AF-F860-4D8F-AEA7-C51777039291}"
EndProject
Project("{FAE04EC0-301F-11D3-BF4B-00C04F79EFBC}") = "10_7", "10_7\10_7.csproj", "{84A6F7A2-2C13-4D38-9C79-519ED66C2796}"
EndProject
Project("{FAE04EC0-301F-11D3-BF4B-00C04F79EFBC}") = "10_8", "10_8\10_8.csproj", "{6ADB0697-24A5-4C35-9775-CF5535B3AB80}"
EndProject
Project("{FAE04EC0-301F-11D3-BF4B-00C04F79EFBC}") = "10_9", "10_9\10_9.csproj", "{8402AD67-C5B7-4F90-9253-4FB79C08EEC8}"
EndProject
Global
	GlobalSection(SolutionConfigurationPlatforms) = preSolution
		Debug|Any CPU = Debug|Any CPU
		Release|Any CPU = Release|Any CPU
	EndGlobalSection
	GlobalSection(ProjectConfigurationPlatforms) = postSolution
		{AED5C8BB-4B18-4F45-B10E-99A8AE27681C}.Debug|Any CPU.ActiveCfg = Debug|Any CPU
		{AED5C8BB-4B18-4F45-B10E-99A8AE27681C}.Debug|Any CPU.Build.0 = Debug|Any CPU
		{AED5C8BB-4B18-4F45-B10E-99A8AE27681C}.Release|Any CPU.ActiveCfg = Release|Any CPU
		{AED5C8BB-4B18-4F45-B10E-99A8AE27681C}.Release|Any CPU.Build.0 = Release|Any CPU
		{44EB8F40-CAD2-42AB-8D05-F7081535075A}.Debug|Any CPU.ActiveCfg = Debug|Any CPU
		{44EB8F40-CAD2-42AB-8D05-F7081535075A}.Debug|Any CPU.Build.0 = Debug|Any CPU
		{44EB8F40-CAD2-42AB-8D05-F7081535075A}.Release|Any CPU.ActiveCfg = Release|Any CPU
		{44EB8F40-CAD2-42AB-8D05-F7081535075A}.Release|Any CPU.Build.0 = Release|Any CPU
		{3E90525F-2B73-4354-AACC-5146AB3F144C}.Debug|Any CPU.ActiveCfg = Debug|Any CPU
		{3E90525F-2B73-4354-AACC-5146AB3F144C}.Debug|Any CPU.Build.0 = Debug|Any CPU
		{3E90525F-2B73-4354-AACC-5146AB3F144C}.Release|Any CPU.ActiveCfg = Release|Any CPU
		{3E90525F-2B73-4354-AACC-5146AB3F144C}.Release|Any CPU.Build.0 = Release|Any CPU
		{4746C2C0-9890-423A-B0F1-3ADC715BC4ED}.Debug|Any CPU.ActiveCfg = Debug|Any CPU
		{4746C2C0-9890-423A-B0F1-3ADC715BC4ED}.Debug|Any CPU.Build.0 = Debug|Any CPU
		{4746C2C0-9890-423A-B0F1-3ADC715BC4ED}.Release|Any CPU.ActiveCfg = Release|Any CPU
		{4746C2C0-9890-423A-B0F1-3ADC715BC4ED}.Release|Any CPU.Build.0 = Release|Any CPU
		{790BE8C5-E7EA-4F43-81C7-BC7CA0CDEF1F}.Debug|Any CPU.ActiveCfg = Debug|Any CPU
		{790BE8C5-E7EA-4F43-81C7-BC7CA0CDEF1F}.Debug|Any CPU.Build.0 = Debug|Any CPU
		{790BE8C5-E7EA-4F43-81C7-BC7CA0CDEF1F}.Release|Any CPU.ActiveCfg = Release|Any CPU
		{790BE8C5-E7EA-4F43-81C7-BC7CA0CDEF1F}.Release|Any CPU.Build.0 = Release|Any CPU
		{A56977AF-F860-4D8F-AEA7-C51777039291}.Debug|Any CPU.ActiveCfg = Debug|Any CPU
		{A56977AF-F860-4D8F-AEA7-C51777039291}.Debug|Any CPU.Build.0 = Debug|Any CPU
		{A56977AF-F860-4D8F-AEA7-C51777039291}.Release|Any CPU.ActiveCfg = Release|Any CPU
		{A56977AF-F860-4D8F-AEA7-C51777039291}.Release|Any CPU.Build.0 = Release|Any CPU
		{84A6F7A2-2C13-4D38-9C79-519ED66C2796}.Debug|Any CPU.ActiveCfg = Debug|Any CPU
		{84A6F7A2-2C13-4D38-9C79-519ED66C2796}.Debug|Any CPU.Build.0 = Debug|Any CPU
		{84A6F7A2-2C13-4D38-9C79-519ED66C2796}.Release|Any CPU.ActiveCfg = Release|Any CPU
		{84A6F7A2-2C13-4D38-9C79-519ED66C2796}.Release|Any CPU.Build.0 = Release|Any CPU
		{6ADB0697-24A5-4C35-9775-CF5535B3AB80}.Debug|Any CPU.ActiveCfg = Debug|Any CPU
		{6ADB0697-24A5-4C35-9775-CF5535B3AB80}.Debug|Any CPU.Build.0 = Debug|Any CPU
		{6ADB0697-24A5-4C35-9775-CF5535B3AB80}.Release|Any CPU.ActiveCfg = Release|Any CPU
		{6ADB0697-24A5-4C35-9775-CF5535B3AB80}.Release|Any CPU.Build.0 = Release|Any CPU
		{8402AD67-C5B7-4F90-9253-4FB79C08EEC8}.Debug|Any CPU.ActiveCfg = Debug|Any CPU
		{8402AD67-C5B7-4F90-9253-4FB79C08EEC8}.Debug|Any CPU.Build.0 = Debug|Any CPU
		{8402AD67-C5B7-4F90-9253-4FB79C08EEC8}.Release|Any CPU.ActiveCfg = Release|Any CPU
		{8402AD67-C5B7-4F90-9253-4FB79C08EEC8}.Release|Any CPU.Build.0 = Release|Any CPU
	EndGlobalSection
	GlobalSection(SolutionProperties) = preSolution
		HideSolutionNode = FALSE
	EndGlobalSection
EndGlobal
