
Microsoft Visual Studio Solution File, Format Version 12.00
# Visual Studio Version 16
VisualStudioVersion = 16.0.30330.147
MinimumVisualStudioVersion = 10.0.40219.1
Project("{FAE04EC0-301F-11D3-BF4B-00C04F79EFBC}") = "WindowsFormHafta8", "WindowsFormHafta8\WindowsFormHafta8.csproj", "{E0CAF9D5-83F3-4454-AE58-41B6B477DACD}"
EndProject
Global
	GlobalSection(SolutionConfigurationPlatforms) = preSolution
		Debug|Any CPU = Debug|Any CPU
		Release|Any CPU = Release|Any CPU
	EndGlobalSection
	GlobalSection(ProjectConfigurationPlatforms) = postSolution
		{E0CAF9D5-83F3-4454-AE58-41B6B477DACD}.Debug|Any CPU.ActiveCfg = Debug|Any CPU
		{E0CAF9D5-83F3-4454-AE58-41B6B477DACD}.Debug|Any CPU.Build.0 = Debug|Any CPU
		{E0CAF9D5-83F3-4454-AE58-41B6B477DACD}.Release|Any CPU.ActiveCfg = Release|Any CPU
		{E0CAF9D5-83F3-4454-AE58-41B6B477DACD}.Release|Any CPU.Build.0 = Release|Any CPU
	EndGlobalSection
	GlobalSection(SolutionProperties) = preSolution
		HideSolutionNode = FALSE
	EndGlobalSection
	GlobalSection(ExtensibilityGlobals) = postSolution
		SolutionGuid = {540DCF66-7FDD-4FA1-B172-46AC3C3F440E}
	EndGlobalSection
EndGlobal
