
Microsoft Visual Studio Solution File, Format Version 12.00
# Visual Studio 2012
Project("{FAE04EC0-301F-11D3-BF4B-00C04F79EFBC}") = "ConsoleApplication1", "ConsoleApplication1\ConsoleApplication1.csproj", "{020A875E-4641-4A87-AE5C-3929C656FF59}"
EndProject
Project("{FAE04EC0-301F-11D3-BF4B-00C04F79EFBC}") = "ConsoleApplication2", "ConsoleApplication2\ConsoleApplication2.csproj", "{B7FE7EC2-B6A9-4055-AE6F-42DE8A6B5161}"
EndProject
Project("{FAE04EC0-301F-11D3-BF4B-00C04F79EFBC}") = "ConsoleApplication3", "ConsoleApplication3\ConsoleApplication3.csproj", "{B8D5735A-3D61-4BA6-BCAA-9CE794A08119}"
EndProject
Project("{FAE04EC0-301F-11D3-BF4B-00C04F79EFBC}") = "ConsoleApplication4", "ConsoleApplication4\ConsoleApplication4.csproj", "{C2014A50-8104-4CF2-93D2-1D73430915DA}"
EndProject
Project("{FAE04EC0-301F-11D3-BF4B-00C04F79EFBC}") = "ConsoleApplication5", "ConsoleApplication5\ConsoleApplication5.csproj", "{14B33BA0-A19B-4DA6-A1F6-02404E201DA5}"
EndProject
Project("{FAE04EC0-301F-11D3-BF4B-00C04F79EFBC}") = "ConsoleApplication6", "ConsoleApplication6\ConsoleApplication6.csproj", "{6FA878B9-FFBA-4CEC-ADE7-02082D712B29}"
EndProject
Project("{FAE04EC0-301F-11D3-BF4B-00C04F79EFBC}") = "ConsoleApplication7", "ConsoleApplication7\ConsoleApplication7.csproj", "{72164BA6-C97F-46D4-953D-9478D1ABBA3E}"
EndProject
Global
	GlobalSection(SolutionConfigurationPlatforms) = preSolution
		Debug|Any CPU = Debug|Any CPU
		Release|Any CPU = Release|Any CPU
	EndGlobalSection
	GlobalSection(ProjectConfigurationPlatforms) = postSolution
		{020A875E-4641-4A87-AE5C-3929C656FF59}.Debug|Any CPU.ActiveCfg = Debug|Any CPU
		{020A875E-4641-4A87-AE5C-3929C656FF59}.Debug|Any CPU.Build.0 = Debug|Any CPU
		{020A875E-4641-4A87-AE5C-3929C656FF59}.Release|Any CPU.ActiveCfg = Release|Any CPU
		{020A875E-4641-4A87-AE5C-3929C656FF59}.Release|Any CPU.Build.0 = Release|Any CPU
		{B7FE7EC2-B6A9-4055-AE6F-42DE8A6B5161}.Debug|Any CPU.ActiveCfg = Debug|Any CPU
		{B7FE7EC2-B6A9-4055-AE6F-42DE8A6B5161}.Debug|Any CPU.Build.0 = Debug|Any CPU
		{B7FE7EC2-B6A9-4055-AE6F-42DE8A6B5161}.Release|Any CPU.ActiveCfg = Release|Any CPU
		{B7FE7EC2-B6A9-4055-AE6F-42DE8A6B5161}.Release|Any CPU.Build.0 = Release|Any CPU
		{B8D5735A-3D61-4BA6-BCAA-9CE794A08119}.Debug|Any CPU.ActiveCfg = Debug|Any CPU
		{B8D5735A-3D61-4BA6-BCAA-9CE794A08119}.Debug|Any CPU.Build.0 = Debug|Any CPU
		{B8D5735A-3D61-4BA6-BCAA-9CE794A08119}.Release|Any CPU.ActiveCfg = Release|Any CPU
		{B8D5735A-3D61-4BA6-BCAA-9CE794A08119}.Release|Any CPU.Build.0 = Release|Any CPU
		{C2014A50-8104-4CF2-93D2-1D73430915DA}.Debug|Any CPU.ActiveCfg = Debug|Any CPU
		{C2014A50-8104-4CF2-93D2-1D73430915DA}.Debug|Any CPU.Build.0 = Debug|Any CPU
		{C2014A50-8104-4CF2-93D2-1D73430915DA}.Release|Any CPU.ActiveCfg = Release|Any CPU
		{C2014A50-8104-4CF2-93D2-1D73430915DA}.Release|Any CPU.Build.0 = Release|Any CPU
		{14B33BA0-A19B-4DA6-A1F6-02404E201DA5}.Debug|Any CPU.ActiveCfg = Debug|Any CPU
		{14B33BA0-A19B-4DA6-A1F6-02404E201DA5}.Debug|Any CPU.Build.0 = Debug|Any CPU
		{14B33BA0-A19B-4DA6-A1F6-02404E201DA5}.Release|Any CPU.ActiveCfg = Release|Any CPU
		{14B33BA0-A19B-4DA6-A1F6-02404E201DA5}.Release|Any CPU.Build.0 = Release|Any CPU
		{6FA878B9-FFBA-4CEC-ADE7-02082D712B29}.Debug|Any CPU.ActiveCfg = Debug|Any CPU
		{6FA878B9-FFBA-4CEC-ADE7-02082D712B29}.Debug|Any CPU.Build.0 = Debug|Any CPU
		{6FA878B9-FFBA-4CEC-ADE7-02082D712B29}.Release|Any CPU.ActiveCfg = Release|Any CPU
		{6FA878B9-FFBA-4CEC-ADE7-02082D712B29}.Release|Any CPU.Build.0 = Release|Any CPU
		{72164BA6-C97F-46D4-953D-9478D1ABBA3E}.Debug|Any CPU.ActiveCfg = Debug|Any CPU
		{72164BA6-C97F-46D4-953D-9478D1ABBA3E}.Debug|Any CPU.Build.0 = Debug|Any CPU
		{72164BA6-C97F-46D4-953D-9478D1ABBA3E}.Release|Any CPU.ActiveCfg = Release|Any CPU
		{72164BA6-C97F-46D4-953D-9478D1ABBA3E}.Release|Any CPU.Build.0 = Release|Any CPU
	EndGlobalSection
	GlobalSection(SolutionProperties) = preSolution
		HideSolutionNode = FALSE
	EndGlobalSection
EndGlobal
